// !$*UTF8*$!
{
	archiveVersion = 1;
	classes = {
	};
	objectVersion = 46;
	objects = {

/* Begin PBXBuildFile section */
		BC84B31B1B28116B0068944C /* Foundation.framework in Frameworks */ = {isa = PBXBuildFile; fileRef = BC84B31A1B28116B0068944C /* Foundation.framework */; };
		BC84B31D1B28116B0068944C /* CoreGraphics.framework in Frameworks */ = {isa = PBXBuildFile; fileRef = BC84B31C1B28116B0068944C /* CoreGraphics.framework */; };
		BC84B31F1B28116B0068944C /* UIKit.framework in Frameworks */ = {isa = PBXBuildFile; fileRef = BC84B31E1B28116B0068944C /* UIKit.framework */; };
		BC84B3251B28116B0068944C /* InfoPlist.strings in Resources */ = {isa = PBXBuildFile; fileRef = BC84B3231B28116B0068944C /* InfoPlist.strings */; };
		BC84B3271B28116B0068944C /* main.m in Sources */ = {isa = PBXBuildFile; fileRef = BC84B3261B28116B0068944C /* main.m */; };
		BC84B32B1B28116B0068944C /* KGAppDelegate.m in Sources */ = {isa = PBXBuildFile; fileRef = BC84B32A1B28116B0068944C /* KGAppDelegate.m */; };
		BC84B32D1B28116B0068944C /* Images.xcassets in Resources */ = {isa = PBXBuildFile; fileRef = BC84B32C1B28116B0068944C /* Images.xcassets */; };
		BC84B3341B28116B0068944C /* XCTest.framework in Frameworks */ = {isa = PBXBuildFile; fileRef = BC84B3331B28116B0068944C /* XCTest.framework */; };
		BC84B3351B28116B0068944C /* Foundation.framework in Frameworks */ = {isa = PBXBuildFile; fileRef = BC84B31A1B28116B0068944C /* Foundation.framework */; };
		BC84B3361B28116B0068944C /* UIKit.framework in Frameworks */ = {isa = PBXBuildFile; fileRef = BC84B31E1B28116B0068944C /* UIKit.framework */; };
		BC84B33E1B28116B0068944C /* InfoPlist.strings in Resources */ = {isa = PBXBuildFile; fileRef = BC84B33C1B28116B0068944C /* InfoPlist.strings */; };
		BC84B3401B28116B0068944C /* UIButtonDemo2Tests.m in Sources */ = {isa = PBXBuildFile; fileRef = BC84B33F1B28116B0068944C /* UIButtonDemo2Tests.m */; };
/* End PBXBuildFile section */

/* Begin PBXContainerItemProxy section */
		BC84B3371B28116B0068944C /* PBXContainerItemProxy */ = {
			isa = PBXContainerItemProxy;
			containerPortal = BC84B30F1B28116B0068944C /* Project object */;
			proxyType = 1;
			remoteGlobalIDString = BC84B3161B28116B0068944C;
			remoteInfo = UIButtonDemo2;
		};
/* End PBXContainerItemProxy section */

/* Begin PBXFileReference section */
		BC84B3171B28116B0068944C /* UIButtonDemo2.app */ = {isa = PBXFileReference; explicitFileType = wrapper.application; includeInIndex = 0; path = UIButtonDemo2.app; sourceTree = BUILT_PRODUCTS_DIR; };
		BC84B31A1B28116B0068944C /* Foundation.framework */ = {isa = PBXFileReference; lastKnownFileType = wrapper.framework; name = Foundation.framework; path = System/Library/Frameworks/Foundation.framework; sourceTree = SDKROOT; };
		BC84B31C1B28116B0068944C /* CoreGraphics.framework */ = {isa = PBXFileReference; lastKnownFileType = wrapper.framework; name = CoreGraphics.framework; path = System/Library/Frameworks/CoreGraphics.framework; sourceTree = SDKROOT; };
		BC84B31E1B28116B0068944C /* UIKit.framework */ = {isa = PBXFileReference; lastKnownFileType = wrapper.framework; name = UIKit.framework; path = System/Library/Frameworks/UIKit.framework; sourceTree = SDKROOT; };
		BC84B3221B28116B0068944C /* UIButtonDemo2-Info.plist */ = {isa = PBXFileReference; lastKnownFileType = text.plist.xml; path = "UIButtonDemo2-Info.plist"; sourceTree = "<group>"; };
		BC84B3241B28116B0068944C /* en */ = {isa = PBXFileReference; lastKnownFileType = text.plist.strings; name = en; path = en.lproj/InfoPlist.strings; sourceTree = "<group>"; };
		BC84B3261B28116B0068944C /* main.m */ = {isa = PBXFileReference; lastKnownFileType = sourcecode.c.objc; path = main.m; sourceTree = "<group>"; };
		BC84B3281B28116B0068944C /* UIButtonDemo2-Prefix.pch */ = {isa = PBXFileReference; lastKnownFileType = sourcecode.c.h; path = "UIButtonDemo2-Prefix.pch"; sourceTree = "<group>"; };
		BC84B3291B28116B0068944C /* KGAppDelegate.h */ = {isa = PBXFileReference; lastKnownFileType = sourcecode.c.h; path = KGAppDelegate.h; sourceTree = "<group>"; };
		BC84B32A1B28116B0068944C /* KGAppDelegate.m */ = {isa = PBXFileReference; lastKnownFileType = sourcecode.c.objc; path = KGAppDelegate.m; sourceTree = "<group>"; };
		BC84B32C1B28116B0068944C /* Images.xcassets */ = {isa = PBXFileReference; lastKnownFileType = folder.assetcatalog; path = Images.xcassets; sourceTree = "<group>"; };
		BC84B3321B28116B0068944C /* UIButtonDemo2Tests.xctest */ = {isa = PBXFileReference; explicitFileType = wrapper.cfbundle; includeInIndex = 0; path = UIButtonDemo2Tests.xctest; sourceTree = BUILT_PRODUCTS_DIR; };
		BC84B3331B28116B0068944C /* XCTest.framework */ = {isa = PBXFileReference; lastKnownFileType = wrapper.framework; name = XCTest.framework; path = Library/Frameworks/XCTest.framework; sourceTree = DEVELOPER_DIR; };
		BC84B33B1B28116B0068944C /* UIButtonDemo2Tests-Info.plist */ = {isa = PBXFileReference; lastKnownFileType = text.plist.xml; path = "UIButtonDemo2Tests-Info.plist"; sourceTree = "<group>"; };
		BC84B33D1B28116B0068944C /* en */ = {isa = PBXFileReference; lastKnownFileType = text.plist.strings; name = en; path = en.lproj/InfoPlist.strings; sourceTree = "<group>"; };
		BC84B33F1B28116B0068944C /* UIButtonDemo2Tests.m */ = {isa = PBXFileReference; lastKnownFileType = sourcecode.c.objc; path = UIButtonDemo2Tests.m; sourceTree = "<group>"; };
/* End PBXFileReference section */

/* Begin PBXFrameworksBuildPhase section */
		BC84B3141B28116B0068944C /* Frameworks */ = {
			isa = PBXFrameworksBuildPhase;
			buildActionMask = 2147483647;
			files = (
				BC84B31D1B28116B0068944C /* CoreGraphics.framework in Frameworks */,
				BC84B31F1B28116B0068944C /* UIKit.framework in Frameworks */,
				BC84B31B1B28116B0068944C /* Foundation.framework in Frameworks */,
			);
			runOnlyForDeploymentPostprocessing = 0;
		};
		BC84B32F1B28116B0068944C /* Frameworks */ = {
			isa = PBXFrameworksBuildPhase;
			buildActionMask = 2147483647;
			files = (
				BC84B3341B28116B0068944C /* XCTest.framework in Frameworks */,
				BC84B3361B28116B0068944C /* UIKit.framework in Frameworks */,
				BC84B3351B28116B0068944C /* Foundation.framework in Frameworks */,
			);
			runOnlyForDeploymentPostprocessing = 0;
		};
/* End PBXFrameworksBuildPhase section */

/* Begin PBXGroup section */
		BC84B30E1B28116B0068944C = {
			isa = PBXGroup;
			children = (
				BC84B3201B28116B0068944C /* UIButtonDemo2 */,
				BC84B3391B28116B0068944C /* UIButtonDemo2Tests */,
				BC84B3191B28116B0068944C /* Frameworks */,
				BC84B3181B28116B0068944C /* Products */,
			);
			sourceTree = "<group>";
		};
		BC84B3181B28116B0068944C /* Products */ = {
			isa = PBXGroup;
			children = (
				BC84B3171B28116B0068944C /* UIButtonDemo2.app */,
				BC84B3321B28116B0068944C /* UIButtonDemo2Tests.xctest */,
			);
			name = Products;
			sourceTree = "<group>";
		};
		BC84B3191B28116B0068944C /* Frameworks */ = {
			isa = PBXGroup;
			children = (
				BC84B31A1B28116B0068944C /* Foundation.framework */,
				BC84B31C1B28116B0068944C /* CoreGraphics.framework */,
				BC84B31E1B28116B0068944C /* UIKit.framework */,
				BC84B3331B28116B0068944C /* XCTest.framework */,
			);
			name = Frameworks;
			sourceTree = "<group>";
		};
		BC84B3201B28116B0068944C /* UIButtonDemo2 */ = {
			isa = PBXGroup;
			children = (
				BC84B3291B28116B0068944C /* KGAppDelegate.h */,
				BC84B32A1B28116B0068944C /* KGAppDelegate.m */,
				BC84B32C1B28116B0068944C /* Images.xcassets */,
				BC84B3211B28116B0068944C /* Supporting Files */,
			);
			path = UIButtonDemo2;
			sourceTree = "<group>";
		};
		BC84B3211B28116B0068944C /* Supporting Files */ = {
			isa = PBXGroup;
			children = (
				BC84B3221B28116B0068944C /* UIButtonDemo2-Info.plist */,
				BC84B3231B28116B0068944C /* InfoPlist.strings */,
				BC84B3261B28116B0068944C /* main.m */,
				BC84B3281B28116B0068944C /* UIButtonDemo2-Prefix.pch */,
			);
			name = "Supporting Files";
			sourceTree = "<group>";
		};
		BC84B3391B28116B0068944C /* UIButtonDemo2Tests */ = {
			isa = PBXGroup;
			children = (
				BC84B33F1B28116B0068944C /* UIButtonDemo2Tests.m */,
				BC84B33A1B28116B0068944C /* Supporting Files */,
			);
			path = UIButtonDemo2Tests;
			sourceTree = "<group>";
		};
		BC84B33A1B28116B0068944C /* Supporting Files */ = {
			isa = PBXGroup;
			children = (
				BC84B33B1B28116B0068944C /* UIButtonDemo2Tests-Info.plist */,
				BC84B33C1B28116B0068944C /* InfoPlist.strings */,
			);
			name = "Supporting Files";
			sourceTree = "<group>";
		};
/* End PBXGroup section */

/* Begin PBXNativeTarget section */
		BC84B3161B28116B0068944C /* UIButtonDemo2 */ = {
			isa = PBXNativeTarget;
			buildConfigurationList = BC84B3431B28116B0068944C /* Build configuration list for PBXNativeTarget "UIButtonDemo2" */;
			buildPhases = (
				BC84B3131B28116B0068944C /* Sources */,
				BC84B3141B28116B0068944C /* Frameworks */,
				BC84B3151B28116B0068944C /* Resources */,
			);
			buildRules = (
			);
			dependencies = (
			);
			name = UIButtonDemo2;
			productName = UIButtonDemo2;
			productReference = BC84B3171B28116B0068944C /* UIButtonDemo2.app */;
			productType = "com.apple.product-type.application";
		};
		BC84B3311B28116B0068944C /* UIButtonDemo2Tests */ = {
			isa = PBXNativeTarget;
			buildConfigurationList = BC84B3461B28116B0068944C /* Build configuration list for PBXNativeTarget "UIButtonDemo2Tests" */;
			buildPhases = (
				BC84B32E1B28116B0068944C /* Sources */,
				BC84B32F1B28116B0068944C /* Frameworks */,
				BC84B3301B28116B0068944C /* Resources */,
			);
			buildRules = (
			);
			dependencies = (
				BC84B3381B28116B0068944C /* PBXTargetDependency */,
			);
			name = UIButtonDemo2Tests;
			productName = UIButtonDemo2Tests;
			productReference = BC84B3321B28116B0068944C /* UIButtonDemo2Tests.xctest */;
			productType = "com.apple.product-type.bundle.unit-test";
		};
/* End PBXNativeTarget section */

/* Begin PBXProject section */
		BC84B30F1B28116B0068944C /* Project object */ = {
			isa = PBXProject;
			attributes = {
				CLASSPREFIX = KG;
				LastUpgradeCheck = 0510;
				ORGANIZATIONNAME = KG;
				TargetAttributes = {
					BC84B3311B28116B0068944C = {
						TestTargetID = BC84B3161B28116B0068944C;
					};
				};
			};
			buildConfigurationList = BC84B3121B28116B0068944C /* Build configuration list for PBXProject "UIButtonDemo2" */;
			compatibilityVersion = "Xcode 3.2";
			developmentRegion = English;
			hasScannedForEncodings = 0;
			knownRegions = (
				en,
			);
			mainGroup = BC84B30E1B28116B0068944C;
			productRefGroup = BC84B3181B28116B0068944C /* Products */;
			projectDirPath = "";
			projectRoot = "";
			targets = (
				BC84B3161B28116B0068944C /* UIButtonDemo2 */,
				BC84B3311B28116B0068944C /* UIButtonDemo2Tests */,
			);
		};
/* End PBXProject section */

/* Begin PBXResourcesBuildPhase section */
		BC84B3151B28116B0068944C /* Resources */ = {
			isa = PBXResourcesBuildPhase;
			buildActionMask = 2147483647;
			files = (
				BC84B3251B28116B0068944C /* InfoPlist.strings in Resources */,
				BC84B32D1B28116B0068944C /* Images.xcassets in Resources */,
			);
			runOnlyForDeploymentPostprocessing = 0;
		};
		BC84B3301B28116B0068944C /* Resources */ = {
			isa = PBXResourcesBuildPhase;
			buildActionMask = 2147483647;
			files = (
				BC84B33E1B28116B0068944C /* InfoPlist.strings in Resources */,
			);
			runOnlyForDeploymentPostprocessing = 0;
		};
/* End PBXResourcesBuildPhase section */

/* Begin PBXSourcesBuildPhase section */
		BC84B3131B28116B0068944C /* Sources */ = {
			isa = PBXSourcesBuildPhase;
			buildActionMask = 2147483647;
			files = (
				BC84B32B1B28116B0068944C /* KGAppDelegate.m in Sources */,
				BC84B3271B28116B0068944C /* main.m in Sources */,
			);
			runOnlyForDeploymentPostprocessing = 0;
		};
		BC84B32E1B28116B0068944C /* Sources */ = {
			isa = PBXSourcesBuildPhase;
			buildActionMask = 2147483647;
			files = (
				BC84B3401B28116B0068944C /* UIButtonDemo2Tests.m in Sources */,
			);
			runOnlyForDeploymentPostprocessing = 0;
		};
/* End PBXSourcesBuildPhase section */

/* Begin PBXTargetDependency section */
		BC84B3381B28116B0068944C /* PBXTargetDependency */ = {
			isa = PBXTargetDependency;
			target = BC84B3161B28116B0068944C /* UIButtonDemo2 */;
			targetProxy = BC84B3371B28116B0068944C /* PBXContainerItemProxy */;
		};
/* End PBXTargetDependency section */

/* Begin PBXVariantGroup section */
		BC84B3231B28116B0068944C /* InfoPlist.strings */ = {
			isa = PBXVariantGroup;
			children = (
				BC84B3241B28116B0068944C /* en */,
			);
			name = InfoPlist.strings;
			sourceTree = "<group>";
		};
		BC84B33C1B28116B0068944C /* InfoPlist.strings */ = {
			isa = PBXVariantGroup;
			children = (
				BC84B33D1B28116B0068944C /* en */,
			);
			name = InfoPlist.strings;
			sourceTree = "<group>";
		};
/* End PBXVariantGroup section */

/* Begin XCBuildConfiguration section */
		BC84B3411B28116B0068944C /* Debug */ = {
			isa = XCBuildConfiguration;
			buildSettings = {
				ALWAYS_SEARCH_USER_PATHS = NO;
				CLANG_CXX_LANGUAGE_STANDARD = "gnu++0x";
				CLANG_CXX_LIBRARY = "libc++";
				CLANG_ENABLE_MODULES = YES;
				CLANG_ENABLE_OBJC_ARC = YES;
				CLANG_WARN_BOOL_CONVERSION = YES;
				CLANG_WARN_CONSTANT_CONVERSION = YES;
				CLANG_WARN_DIRECT_OBJC_ISA_USAGE = YES_ERROR;
				CLANG_WARN_EMPTY_BODY = YES;
				CLANG_WARN_ENUM_CONVERSION = YES;
				CLANG_WARN_INT_CONVERSION = YES;
				CLANG_WARN_OBJC_ROOT_CLASS = YES_ERROR;
				CLANG_WARN__DUPLICATE_METHOD_MATCH = YES;
				"CODE_SIGN_IDENTITY[sdk=iphoneos*]" = "iPhone Developer";
				COPY_PHASE_STRIP = NO;
				GCC_C_LANGUAGE_STANDARD = gnu99;
				GCC_DYNAMIC_NO_PIC = NO;
				GCC_OPTIMIZATION_LEVEL = 0;
				GCC_PREPROCESSOR_DEFINITIONS = (
					"DEBUG=1",
					"$(inherited)",
				);
				GCC_SYMBOLS_PRIVATE_EXTERN = NO;
				GCC_WARN_64_TO_32_BIT_CONVERSION = YES;
				GCC_WARN_ABOUT_RETURN_TYPE = YES_ERROR;
				GCC_WARN_UNDECLARED_SELECTOR = YES;
				GCC_WARN_UNINITIALIZED_AUTOS = YES_AGGRESSIVE;
				GCC_WARN_UNUSED_FUNCTION = YES;
				GCC_WARN_UNUSED_VARIABLE = YES;
				IPHONEOS_DEPLOYMENT_TARGET = 7.1;
				ONLY_ACTIVE_ARCH = YES;
				SDKROOT = iphoneos;
			};
			name = Debug;
		};
		BC84B3421B28116B0068944C /* Release */ = {
			isa = XCBuildConfiguration;
			buildSettings = {
				ALWAYS_SEARCH_USER_PATHS = NO;
				CLANG_CXX_LANGUAGE_STANDARD = "gnu++0x";
				CLANG_CXX_LIBRARY = "libc++";
				CLANG_ENABLE_MODULES = YES;
				CLANG_ENABLE_OBJC_ARC = YES;
				CLANG_WARN_BOOL_CONVERSION = YES;
				CLANG_WARN_CONSTANT_CONVERSION = YES;
				CLANG_WARN_DIRECT_OBJC_ISA_USAGE = YES_ERROR;
				CLANG_WARN_EMPTY_BODY = YES;
				CLANG_WARN_ENUM_CONVERSION = YES;
				CLANG_WARN_INT_CONVERSION = YES;
				CLANG_WARN_OBJC_ROOT_CLASS = YES_ERROR;
				CLANG_WARN__DUPLICATE_METHOD_MATCH = YES;
				"CODE_SIGN_IDENTITY[sdk=iphoneos*]" = "iPhone Developer";
				COPY_PHASE_STRIP = YES;
				ENABLE_NS_ASSERTIONS = NO;
				GCC_C_LANGUAGE_STANDARD = gnu99;
				GCC_WARN_64_TO_32_BIT_CONVERSION = YES;
				GCC_WARN_ABOUT_RETURN_TYPE = YES_ERROR;
				GCC_WARN_UNDECLARED_SELECTOR = YES;
				GCC_WARN_UNINITIALIZED_AUTOS = YES_AGGRESSIVE;
				GCC_WARN_UNUSED_FUNCTION = YES;
				GCC_WARN_UNUSED_VARIABLE = YES;
				IPHONEOS_DEPLOYMENT_TARGET = 7.1;
				SDKROOT = iphoneos;
				VALIDATE_PRODUCT = YES;
			};
			name = Release;
		};
		BC84B3441B28116B0068944C /* Debug */ = {
			isa = XCBuildConfiguration;
			buildSettings = {
				ASSETCATALOG_COMPILER_APPICON_NAME = AppIcon;
				ASSETCATALOG_COMPILER_LAUNCHIMAGE_NAME = LaunchImage;
				GCC_PRECOMPILE_PREFIX_HEADER = YES;
				GCC_PREFIX_HEADER = "UIButtonDemo2/UIButtonDemo2-Prefix.pch";
				INFOPLIST_FILE = "UIButtonDemo2/UIButtonDemo2-Info.plist";
				PRODUCT_NAME = "$(TARGET_NAME)";
				WRAPPER_EXTENSION = app;
			};
			name = Debug;
		};
		BC84B3451B28116B0068944C /* Release */ = {
			isa = XCBuildConfiguration;
			buildSettings = {
				ASSETCATALOG_COMPILER_APPICON_NAME = AppIcon;
				ASSETCATALOG_COMPILER_LAUNCHIMAGE_NAME = LaunchImage;
				GCC_PRECOMPILE_PREFIX_HEADER = YES;
				GCC_PREFIX_HEADER = "UIButtonDemo2/UIButtonDemo2-Prefix.pch";
				INFOPLIST_FILE = "UIButtonDemo2/UIButtonDemo2-Info.plist";
				PRODUCT_NAME = "$(TARGET_NAME)";
				WRAPPER_EXTENSION = app;
			};
			name = Release;
		};
		BC84B3471B28116B0068944C /* Debug */ = {
			isa = XCBuildConfiguration;
			buildSettings = {
				BUNDLE_LOADER = "$(BUILT_PRODUCTS_DIR)/UIButtonDemo2.app/UIButtonDemo2";
				FRAMEWORK_SEARCH_PATHS = (
					"$(SDKROOT)/Developer/Library/Frameworks",
					"$(inherited)",
					"$(DEVELOPER_FRAMEWORKS_DIR)",
				);
				GCC_PRECOMPILE_PREFIX_HEADER = YES;
				GCC_PREFIX_HEADER = "UIButtonDemo2/UIButtonDemo2-Prefix.pch";
				GCC_PREPROCESSOR_DEFINITIONS = (
					"DEBUG=1",
					"$(inherited)",
				);
				INFOPLIST_FILE = "UIButtonDemo2Tests/UIButtonDemo2Tests-Info.plist";
				PRODUCT_NAME = "$(TARGET_NAME)";
				TEST_HOST = "$(BUNDLE_LOADER)";
				WRAPPER_EXTENSION = xctest;
			};
			name = Debug;
		};
		BC84B3481B28116B0068944C /* Release */ = {
			isa = XCBuildConfiguration;
			buildSettings = {
				BUNDLE_LOADER = "$(BUILT_PRODUCTS_DIR)/UIButtonDemo2.app/UIButtonDemo2";
				FRAMEWORK_SEARCH_PATHS = (
					"$(SDKROOT)/Developer/Library/Frameworks",
					"$(inherited)",
					"$(DEVELOPER_FRAMEWORKS_DIR)",
				);
				GCC_PRECOMPILE_PREFIX_HEADER = YES;
				GCC_PREFIX_HEADER = "UIButtonDemo2/UIButtonDemo2-Prefix.pch";
				INFOPLIST_FILE = "UIButtonDemo2Tests/UIButtonDemo2Tests-Info.plist";
				PRODUCT_NAME = "$(TARGET_NAME)";
				TEST_HOST = "$(BUNDLE_LOADER)";
				WRAPPER_EXTENSION = xctest;
			};
			name = Release;
		};
/* End XCBuildConfiguration section */

/* Begin XCConfigurationList section */
		BC84B3121B28116B0068944C /* Build configuration list for PBXProject "UIButtonDemo2" */ = {
			isa = XCConfigurationList;
			buildConfigurations = (
				BC84B3411B28116B0068944C /* Debug */,
				BC84B3421B28116B0068944C /* Release */,
			);
			defaultConfigurationIsVisible = 0;
			defaultConfigurationName = Release;
		};
		BC84B3431B28116B0068944C /* Build configuration list for PBXNativeTarget "UIButtonDemo2" */ = {
			isa = XCConfigurationList;
			buildConfigurations = (
				BC84B3441B28116B0068944C /* Debug */,
				BC84B3451B28116B0068944C /* Release */,
			);
			defaultConfigurationIsVisible = 0;
		};
		BC84B3461B28116B0068944C /* Build configuration list for PBXNativeTarget "UIButtonDemo2Tests" */ = {
			isa = XCConfigurationList;
			buildConfigurations = (
				BC84B3471B28116B0068944C /* Debug */,
				BC84B3481B28116B0068944C /* Release */,
			);
			defaultConfigurationIsVisible = 0;
		};
/* End XCConfigurationList section */
	};
	rootObject = BC84B30F1B28116B0068944C /* Project object */;
}
